
Microsoft Visual Studio Solution File, Format Version 12.00
# Visual Studio Version 17
VisualStudioVersion = 17.3.32901.215
MinimumVisualStudioVersion = 10.0.40219.1
Project("{9A19103F-16F7-4668-BE54-9A1E7A4F7556}") = "NotionAPI", "NotionAPI.csproj", "{1AE6B61E-3EBD-4752-BBBF-3B481AEB3CBE}"
EndProject
Global
	GlobalSection(SolutionConfigurationPlatforms) = preSolution
		Debug|Any CPU = Debug|Any CPU
		Release|Any CPU = Release|Any CPU
	EndGlobalSection
	GlobalSection(ProjectConfigurationPlatforms) = postSolution
		{1AE6B61E-3EBD-4752-BBBF-3B481AEB3CBE}.Debug|Any CPU.ActiveCfg = Debug|Any CPU
		{1AE6B61E-3EBD-4752-BBBF-3B481AEB3CBE}.Debug|Any CPU.Build.0 = Debug|Any CPU
		{1AE6B61E-3EBD-4752-BBBF-3B481AEB3CBE}.Release|Any CPU.ActiveCfg = Release|Any CPU
		{1AE6B61E-3EBD-4752-BBBF-3B481AEB3CBE}.Release|Any CPU.Build.0 = Release|Any CPU
	EndGlobalSection
	GlobalSection(SolutionProperties) = preSolution
		HideSolutionNode = FALSE
	EndGlobalSection
	GlobalSection(ExtensibilityGlobals) = postSolution
		SolutionGuid = {AEFE0454-C602-4A3C-8259-049523287061}
	EndGlobalSection
EndGlobal
